// !$*UTF8*$!
{
	archiveVersion = 1;
	classes = {
	};
	objectVersion = 50;
	objects = {

/* Begin PBXBuildFile section */
		CD7D03D124557A5400FC5810 /* AppDelegate.m in Sources */ = {isa = PBXBuildFile; fileRef = CD7D03D024557A5400FC5810 /* AppDelegate.m */; };
		CD7D03D424557A5400FC5810 /* SceneDelegate.m in Sources */ = {isa = PBXBuildFile; fileRef = CD7D03D324557A5400FC5810 /* SceneDelegate.m */; };
		CD7D03D724557A5400FC5810 /* ViewController.m in Sources */ = {isa = PBXBuildFile; fileRef = CD7D03D624557A5400FC5810 /* ViewController.m */; };
		CD7D03DA24557A5400FC5810 /* Main.storyboard in Resources */ = {isa = PBXBuildFile; fileRef = CD7D03D824557A5400FC5810 /* Main.storyboard */; };
		CD7D03DC24557A5500FC5810 /* Assets.xcassets in Resources */ = {isa = PBXBuildFile; fileRef = CD7D03DB24557A5500FC5810 /* Assets.xcassets */; };
		CD7D03DF24557A5500FC5810 /* LaunchScreen.storyboard in Resources */ = {isa = PBXBuildFile; fileRef = CD7D03DD24557A5500FC5810 /* LaunchScreen.storyboard */; };
		CD7D03E224557A5500FC5810 /* main.m in Sources */ = {isa = PBXBuildFile; fileRef = CD7D03E124557A5500FC5810 /* main.m */; };
/* End PBXBuildFile section */

/* Begin PBXFileReference section */
		CD7D03CC24557A5400FC5810 /* VLIEduChina.app */ = {isa = PBXFileReference; explicitFileType = wrapper.application; includeInIndex = 0; path = VLIEduChina.app; sourceTree = BUILT_PRODUCTS_DIR; };
		CD7D03CF24557A5400FC5810 /* AppDelegate.h */ = {isa = PBXFileReference; lastKnownFileType = sourcecode.c.h; path = AppDelegate.h; sourceTree = "<group>"; };
		CD7D03D024557A5400FC5810 /* AppDelegate.m */ = {isa = PBXFileReference; lastKnownFileType = sourcecode.c.objc; path = AppDelegate.m; sourceTree = "<group>"; };
		CD7D03D224557A5400FC5810 /* SceneDelegate.h */ = {isa = PBXFileReference; lastKnownFileType = sourcecode.c.h; path = SceneDelegate.h; sourceTree = "<group>"; };
		CD7D03D324557A5400FC5810 /* SceneDelegate.m */ = {isa = PBXFileReference; lastKnownFileType = sourcecode.c.objc; path = SceneDelegate.m; sourceTree = "<group>"; };
		CD7D03D524557A5400FC5810 /* ViewController.h */ = {isa = PBXFileReference; lastKnownFileType = sourcecode.c.h; path = ViewController.h; sourceTree = "<group>"; };
		CD7D03D624557A5400FC5810 /* ViewController.m */ = {isa = PBXFileReference; lastKnownFileType = sourcecode.c.objc; path = ViewController.m; sourceTree = "<group>"; };
		CD7D03D924557A5400FC5810 /* Base */ = {isa = PBXFileReference; lastKnownFileType = file.storyboard; name = Base; path = Base.lproj/Main.storyboard; sourceTree = "<group>"; };
		CD7D03DB24557A5500FC5810 /* Assets.xcassets */ = {isa = PBXFileReference; lastKnownFileType = folder.assetcatalog; path = Assets.xcassets; sourceTree = "<group>"; };
		CD7D03DE24557A5500FC5810 /* Base */ = {isa = PBXFileReference; lastKnownFileType = file.storyboard; name = Base; path = Base.lproj/LaunchScreen.storyboard; sourceTree = "<group>"; };
		CD7D03E024557A5500FC5810 /* Info.plist */ = {isa = PBXFileReference; lastKnownFileType = text.plist.xml; path = Info.plist; sourceTree = "<group>"; };
		CD7D03E124557A5500FC5810 /* main.m */ = {isa = PBXFileReference; lastKnownFileType = sourcecode.c.objc; path = main.m; sourceTree = "<group>"; };
/* End PBXFileReference section */

/* Begin PBXFrameworksBuildPhase section */
		CD7D03C924557A5400FC5810 /* Frameworks */ = {
			isa = PBXFrameworksBuildPhase;
			buildActionMask = 2147483647;
			files = (
			);
			runOnlyForDeploymentPostprocessing = 0;
		};
/* End PBXFrameworksBuildPhase section */

/* Begin PBXGroup section */
		CD7D03C324557A5400FC5810 = {
			isa = PBXGroup;
			children = (
				CD7D03CE24557A5400FC5810 /* VLIEduChina */,
				CD7D03CD24557A5400FC5810 /* Products */,
			);
			sourceTree = "<group>";
		};
		CD7D03CD24557A5400FC5810 /* Products */ = {
			isa = PBXGroup;
			children = (
				CD7D03CC24557A5400FC5810 /* VLIEduChina.app */,
			);
			name = Products;
			sourceTree = "<group>";
		};
		CD7D03CE24557A5400FC5810 /* VLIEduChina */ = {
			isa = PBXGroup;
			children = (
				CD7D03CF24557A5400FC5810 /* AppDelegate.h */,
				CD7D03D024557A5400FC5810 /* AppDelegate.m */,
				CD7D03D224557A5400FC5810 /* SceneDelegate.h */,
				CD7D03D324557A5400FC5810 /* SceneDelegate.m */,
				CD7D03D524557A5400FC5810 /* ViewController.h */,
				CD7D03D624557A5400FC5810 /* ViewController.m */,
				CD7D03D824557A5400FC5810 /* Main.storyboard */,
				CD7D03DB24557A5500FC5810 /* Assets.xcassets */,
				CD7D03DD24557A5500FC5810 /* LaunchScreen.storyboard */,
				CD7D03E024557A5500FC5810 /* Info.plist */,
				CD7D03E124557A5500FC5810 /* main.m */,
			);
			path = VLIEduChina;
			sourceTree = "<group>";
		};
/* End PBXGroup section */

/* Begin PBXNativeTarget section */
		CD7D03CB24557A5400FC5810 /* VLIEduChina */ = {
			isa = PBXNativeTarget;
			buildConfigurationList = CD7D03E524557A5500FC5810 /* Build configuration list for PBXNativeTarget "VLIEduChina" */;
			buildPhases = (
				CD7D03C824557A5400FC5810 /* Sources */,
				CD7D03C924557A5400FC5810 /* Frameworks */,
				CD7D03CA24557A5400FC5810 /* Resources */,
			);
			buildRules = (
			);
			dependencies = (
			);
			name = VLIEduChina;
			productName = VLIEduChina;
			productReference = CD7D03CC24557A5400FC5810 /* VLIEduChina.app */;
			productType = "com.apple.product-type.application";
		};
/* End PBXNativeTarget section */

/* Begin PBXProject section */
		CD7D03C424557A5400FC5810 /* Project object */ = {
			isa = PBXProject;
			attributes = {
				LastUpgradeCheck = 1140;
				ORGANIZATIONNAME = "Vitas Liu";
				TargetAttributes = {
					CD7D03CB24557A5400FC5810 = {
						CreatedOnToolsVersion = 11.4.1;
					};
				};
			};
			buildConfigurationList = CD7D03C724557A5400FC5810 /* Build configuration list for PBXProject "VLIEduChina" */;
			compatibilityVersion = "Xcode 9.3";
			developmentRegion = en;
			hasScannedForEncodings = 0;
			knownRegions = (
				en,
				Base,
			);
			mainGroup = CD7D03C324557A5400FC5810;
			productRefGroup = CD7D03CD24557A5400FC5810 /* Products */;
			projectDirPath = "";
			projectRoot = "";
			targets = (
				CD7D03CB24557A5400FC5810 /* VLIEduChina */,
			);
		};
/* End PBXProject section */

/* Begin PBXResourcesBuildPhase section */
		CD7D03CA24557A5400FC5810 /* Resources */ = {
			isa = PBXResourcesBuildPhase;
			buildActionMask = 2147483647;
			files = (
				CD7D03DF24557A5500FC5810 /* LaunchScreen.storyboard in Resources */,
				CD7D03DC24557A5500FC5810 /* Assets.xcassets in Resources */,
				CD7D03DA24557A5400FC5810 /* Main.storyboard in Resources */,
			);
			runOnlyForDeploymentPostprocessing = 0;
		};
/* End PBXResourcesBuildPhase section */

/* Begin PBXSourcesBuildPhase section */
		CD7D03C824557A5400FC5810 /* Sources */ = {
			isa = PBXSourcesBuildPhase;
			buildActionMask = 2147483647;
			files = (
				CD7D03D724557A5400FC5810 /* ViewController.m in Sources */,
				CD7D03D124557A5400FC5810 /* AppDelegate.m in Sources */,
				CD7D03E224557A5500FC5810 /* main.m in Sources */,
				CD7D03D424557A5400FC5810 /* SceneDelegate.m in Sources */,
			);
			runOnlyForDeploymentPostprocessing = 0;
		};
/* End PBXSourcesBuildPhase section */

/* Begin PBXVariantGroup section */
		CD7D03D824557A5400FC5810 /* Main.storyboard */ = {
			isa = PBXVariantGroup;
			children = (
				CD7D03D924557A5400FC5810 /* Base */,
			);
			name = Main.storyboard;
			sourceTree = "<group>";
		};
		CD7D03DD24557A5500FC5810 /* LaunchScreen.storyboard */ = {
			isa = PBXVariantGroup;
			children = (
				CD7D03DE24557A5500FC5810 /* Base */,
			);
			name = LaunchScreen.storyboard;
			sourceTree = "<group>";
		};
/* End PBXVariantGroup section */

/* Begin XCBuildConfiguration section */
		CD7D03E324557A5500FC5810 /* Debug */ = {
			isa = XCBuildConfiguration;
			buildSettings = {
				ALWAYS_SEARCH_USER_PATHS = NO;
				CLANG_ANALYZER_NONNULL = YES;
				CLANG_ANALYZER_NUMBER_OBJECT_CONVERSION = YES_AGGRESSIVE;
				CLANG_CXX_LANGUAGE_STANDARD = "gnu++14";
				CLANG_CXX_LIBRARY = "libc++";
				CLANG_ENABLE_MODULES = YES;
				CLANG_ENABLE_OBJC_ARC = YES;
				CLANG_ENABLE_OBJC_WEAK = YES;
				CLANG_WARN_BLOCK_CAPTURE_AUTORELEASING = YES;
				CLANG_WARN_BOOL_CONVERSION = YES;
				CLANG_WARN_COMMA = YES;
				CLANG_WARN_CONSTANT_CONVERSION = YES;
				CLANG_WARN_DEPRECATED_OBJC_IMPLEMENTATIONS = YES;
				CLANG_WARN_DIRECT_OBJC_ISA_USAGE = YES_ERROR;
				CLANG_WARN_DOCUMENTATION_COMMENTS = YES;
				CLANG_WARN_EMPTY_BODY = YES;
				CLANG_WARN_ENUM_CONVERSION = YES;
				CLANG_WARN_INFINITE_RECURSION = YES;
				CLANG_WARN_INT_CONVERSION = YES;
				CLANG_WARN_NON_LITERAL_NULL_CONVERSION = YES;
				CLANG_WARN_OBJC_IMPLICIT_RETAIN_SELF = YES;
				CLANG_WARN_OBJC_LITERAL_CONVERSION = YES;
				CLANG_WARN_OBJC_ROOT_CLASS = YES_ERROR;
				CLANG_WARN_RANGE_LOOP_ANALYSIS = YES;
				CLANG_WARN_STRICT_PROTOTYPES = YES;
				CLANG_WARN_SUSPICIOUS_MOVE = YES;
				CLANG_WARN_UNGUARDED_AVAILABILITY = YES_AGGRESSIVE;
				CLANG_WARN_UNREACHABLE_CODE = YES;
				CLANG_WARN__DUPLICATE_METHOD_MATCH = YES;
				COPY_PHASE_STRIP = NO;
				DEBUG_INFORMATION_FORMAT = dwarf;
				ENABLE_STRICT_OBJC_MSGSEND = YES;
				ENABLE_TESTABILITY = YES;
				GCC_C_LANGUAGE_STANDARD = gnu11;
				GCC_DYNAMIC_NO_PIC = NO;
				GCC_NO_COMMON_BLOCKS = YES;
				GCC_OPTIMIZATION_LEVEL = 0;
				GCC_PREPROCESSOR_DEFINITIONS = (
					"DEBUG=1",
					"$(inherited)",
				);
				GCC_WARN_64_TO_32_BIT_CONVERSION = YES;
				GCC_WARN_ABOUT_RETURN_TYPE = YES_ERROR;
				GCC_WARN_UNDECLARED_SELECTOR = YES;
				GCC_WARN_UNINITIALIZED_AUTOS = YES_AGGRESSIVE;
				GCC_WARN_UNUSED_FUNCTION = YES;
				GCC_WARN_UNUSED_VARIABLE = YES;
				IPHONEOS_DEPLOYMENT_TARGET = 13.4;
				MTL_ENABLE_DEBUG_INFO = INCLUDE_SOURCE;
				MTL_FAST_MATH = YES;
				ONLY_ACTIVE_ARCH = YES;
				SDKROOT = iphoneos;
			};
			name = Debug;
		};
		CD7D03E424557A5500FC5810 /* Release */ = {
			isa = XCBuildConfiguration;
			buildSettings = {
				ALWAYS_SEARCH_USER_PATHS = NO;
				CLANG_ANALYZER_NONNULL = YES;
				CLANG_ANALYZER_NUMBER_OBJECT_CONVERSION = YES_AGGRESSIVE;
				CLANG_CXX_LANGUAGE_STANDARD = "gnu++14";
				CLANG_CXX_LIBRARY = "libc++";
				CLANG_ENABLE_MODULES = YES;
				CLANG_ENABLE_OBJC_ARC = YES;
				CLANG_ENABLE_OBJC_WEAK = YES;
				CLANG_WARN_BLOCK_CAPTURE_AUTORELEASING = YES;
				CLANG_WARN_BOOL_CONVERSION = YES;
				CLANG_WARN_COMMA = YES;
				CLANG_WARN_CONSTANT_CONVERSION = YES;
				CLANG_WARN_DEPRECATED_OBJC_IMPLEMENTATIONS = YES;
				CLANG_WARN_DIRECT_OBJC_ISA_USAGE = YES_ERROR;
				CLANG_WARN_DOCUMENTATION_COMMENTS = YES;
				CLANG_WARN_EMPTY_BODY = YES;
				CLANG_WARN_ENUM_CONVERSION = YES;
				CLANG_WARN_INFINITE_RECURSION = YES;
				CLANG_WARN_INT_CONVERSION = YES;
				CLANG_WARN_NON_LITERAL_NULL_CONVERSION = YES;
				CLANG_WARN_OBJC_IMPLICIT_RETAIN_SELF = YES;
				CLANG_WARN_OBJC_LITERAL_CONVERSION = YES;
				CLANG_WARN_OBJC_ROOT_CLASS = YES_ERROR;
				CLANG_WARN_RANGE_LOOP_ANALYSIS = YES;
				CLANG_WARN_STRICT_PROTOTYPES = YES;
				CLANG_WARN_SUSPICIOUS_MOVE = YES;
				CLANG_WARN_UNGUARDED_AVAILABILITY = YES_AGGRESSIVE;
				CLANG_WARN_UNREACHABLE_CODE = YES;
				CLANG_WARN__DUPLICATE_METHOD_MATCH = YES;
				COPY_PHASE_STRIP = NO;
				DEBUG_INFORMATION_FORMAT = "dwarf-with-dsym";
				ENABLE_NS_ASSERTIONS = NO;
				ENABLE_STRICT_OBJC_MSGSEND = YES;
				GCC_C_LANGUAGE_STANDARD = gnu11;
				GCC_NO_COMMON_BLOCKS = YES;
				GCC_WARN_64_TO_32_BIT_CONVERSION = YES;
				GCC_WARN_ABOUT_RETURN_TYPE = YES_ERROR;
				GCC_WARN_UNDECLARED_SELECTOR = YES;
				GCC_WARN_UNINITIALIZED_AUTOS = YES_AGGRESSIVE;
				GCC_WARN_UNUSED_FUNCTION = YES;
				GCC_WARN_UNUSED_VARIABLE = YES;
				IPHONEOS_DEPLOYMENT_TARGET = 13.4;
				MTL_ENABLE_DEBUG_INFO = NO;
				MTL_FAST_MATH = YES;
				SDKROOT = iphoneos;
				VALIDATE_PRODUCT = YES;
			};
			name = Release;
		};
		CD7D03E624557A5500FC5810 /* Debug */ = {
			isa = XCBuildConfiguration;
			buildSettings = {
				ASSETCATALOG_COMPILER_APPICON_NAME = AppIcon;
				CODE_SIGN_STYLE = Automatic;
				DEVELOPMENT_TEAM = QGFCR698BN;
				INFOPLIST_FILE = VLIEduChina/Info.plist;
				LD_RUNPATH_SEARCH_PATHS = (
					"$(inherited)",
					"@executable_path/Frameworks",
				);
				PRODUCT_BUNDLE_IDENTIFIER = com.possibilities.vitas.VLIEduChina;
				PRODUCT_NAME = "$(TARGET_NAME)";
				TARGETED_DEVICE_FAMILY = "1,2";
			};
			name = Debug;
		};
		CD7D03E724557A5500FC5810 /* Release */ = {
			isa = XCBuildConfiguration;
			buildSettings = {
				ASSETCATALOG_COMPILER_APPICON_NAME = AppIcon;
				CODE_SIGN_STYLE = Automatic;
				DEVELOPMENT_TEAM = QGFCR698BN;
				INFOPLIST_FILE = VLIEduChina/Info.plist;
				LD_RUNPATH_SEARCH_PATHS = (
					"$(inherited)",
					"@executable_path/Frameworks",
				);
				PRODUCT_BUNDLE_IDENTIFIER = com.possibilities.vitas.VLIEduChina;
				PRODUCT_NAME = "$(TARGET_NAME)";
				TARGETED_DEVICE_FAMILY = "1,2";
			};
			name = Release;
		};
/* End XCBuildConfiguration section */

/* Begin XCConfigurationList section */
		CD7D03C724557A5400FC5810 /* Build configuration list for PBXProject "VLIEduChina" */ = {
			isa = XCConfigurationList;
			buildConfigurations = (
				CD7D03E324557A5500FC5810 /* Debug */,
				CD7D03E424557A5500FC5810 /* Release */,
			);
			defaultConfigurationIsVisible = 0;
			defaultConfigurationName = Release;
		};
		CD7D03E524557A5500FC5810 /* Build configuration list for PBXNativeTarget "VLIEduChina" */ = {
			isa = XCConfigurationList;
			buildConfigurations = (
				CD7D03E624557A5500FC5810 /* Debug */,
				CD7D03E724557A5500FC5810 /* Release */,
			);
			defaultConfigurationIsVisible = 0;
			defaultConfigurationName = Release;
		};
/* End XCConfigurationList section */
	};
	rootObject = CD7D03C424557A5400FC5810 /* Project object */;
}
